Microsoft Visual Studio Solution File, Format Version 11.00
# Visual Studio 2008

Project("{5AE74C92-70F8-EECC-E4EC-26C3924A5889}") = "rpgFramework", "Assembly-CSharp-vs.csproj", "{970EED66-B38D-5C05-0077-0A1A7E1C3BDB}"
EndProject
Project("{5AE74C92-70F8-EECC-E4EC-26C3924A5889}") = "rpgFramework", "Assembly-CSharp-Editor-vs.csproj", "{C54F6439-1BFB-F468-D1DC-E9EB1AC1E8BE}"
EndProject
Global
	GlobalSection(SolutionConfigurationPlatforms) = preSolution
		Debug|Any CPU = Debug|Any CPU
		Release|Any CPU = Release|Any CPU
	EndGlobalSection
	GlobalSection(ProjectConfigurationPlatforms) = postSolution
		{970EED66-B38D-5C05-0077-0A1A7E1C3BDB}.Debug|Any CPU.ActiveCfg = Debug|Any CPU
		{970EED66-B38D-5C05-0077-0A1A7E1C3BDB}.Debug|Any CPU.Build.0 = Debug|Any CPU
		{970EED66-B38D-5C05-0077-0A1A7E1C3BDB}.Release|Any CPU.ActiveCfg = Release|Any CPU
		{970EED66-B38D-5C05-0077-0A1A7E1C3BDB}.Release|Any CPU.Build.0 = Release|Any CPU
		{C54F6439-1BFB-F468-D1DC-E9EB1AC1E8BE}.Debug|Any CPU.ActiveCfg = Debug|Any CPU
		{C54F6439-1BFB-F468-D1DC-E9EB1AC1E8BE}.Debug|Any CPU.Build.0 = Debug|Any CPU
		{C54F6439-1BFB-F468-D1DC-E9EB1AC1E8BE}.Release|Any CPU.ActiveCfg = Release|Any CPU
		{C54F6439-1BFB-F468-D1DC-E9EB1AC1E8BE}.Release|Any CPU.Build.0 = Release|Any CPU
	EndGlobalSection
	GlobalSection(SolutionProperties) = preSolution
		HideSolutionNode = FALSE
	EndGlobalSection
																						GlobalSection(MonoDevelopProperties) = preSolution
		StartupItem = Assembly-CSharp.csproj
		Policies = $0
		$0.TextStylePolicy = $1
		$1.inheritsSet = null
		$1.scope = text/x-csharp
		$0.CSharpFormattingPolicy = $2
		$2.inheritsSet = Mono
		$2.inheritsScope = text/x-csharp
		$2.scope = text/x-csharp
		$0.TextStylePolicy = $3
		$3.FileWidth = 120
		$3.TabWidth = 4
		$3.IndentWidth = 4
		$3.EolMarker = Unix
		$3.inheritsSet = Mono
		$3.inheritsScope = text/plain
		$3.scope = text/plain
	EndGlobalSection

EndGlobal
